
Microsoft Visual Studio Solution File, Format Version 12.00
# Visual Studio 2013
VisualStudioVersion = 12.0.30110.0
MinimumVisualStudioVersion = 10.0.40219.1
Project("{8BC9CEB8-8B4A-11D0-8D11-00A0C91BC942}") = "Malom_megoldas", "Malom_megoldas\Malom_megoldas.vcxproj", "{F77A30F9-3EB8-4748-9B06-4B2F8D694847}"
EndProject
Project("{8BC9CEB8-8B4A-11D0-8D11-00A0C91BC942}") = "Wrappers", "Wrappers\Hash.vcxproj", "{D8FEE320-54D4-4779-A9C0-F97521ACE759}"
EndProject
Project("{F184B08F-C81C-45F6-A57F-5ABD9991F28F}") = "Malom3", "Malom3\Malom3.vbproj", "{AB200E16-0404-4AF4-8A84-B02960F7B4EE}"
EndProject
Project("{2150E333-8FDC-42A3-9474-1A3956D46DE8}") = "Solution Items", "Solution Items", "{4AD05FA0-CB63-4A3F-90A8-BCB3A8C67007}"
EndProject
Project("{FAE04EC0-301F-11D3-BF4B-00C04F79EFBC}") = "Controller", "Controller\Controller.csproj", "{60205EC5-F119-473D-BCB2-F9F3958B5EB0}"
EndProject
Project("{8BC9CEB8-8B4A-11D0-8D11-00A0C91BC942}") = "Analyzer", "Analyzer\Analyzer.vcxproj", "{953104A5-7106-4468-9888-72D37CAE07CD}"
EndProject
Global
	GlobalSection(SolutionConfigurationPlatforms) = preSolution
		Debug|Any CPU = Debug|Any CPU
		Debug|Mixed Platforms = Debug|Mixed Platforms
		Debug|Win32 = Debug|Win32
		Debug|x64 = Debug|x64
		Debug|x86 = Debug|x86
		Opt_Debug|Any CPU = Opt_Debug|Any CPU
		Opt_Debug|Mixed Platforms = Opt_Debug|Mixed Platforms
		Opt_Debug|Win32 = Opt_Debug|Win32
		Opt_Debug|x64 = Opt_Debug|x64
		Opt_Debug|x86 = Opt_Debug|x86
		Release|Any CPU = Release|Any CPU
		Release|Mixed Platforms = Release|Mixed Platforms
		Release|Win32 = Release|Win32
		Release|x64 = Release|x64
		Release|x86 = Release|x86
	EndGlobalSection
	GlobalSection(ProjectConfigurationPlatforms) = postSolution
		{F77A30F9-3EB8-4748-9B06-4B2F8D694847}.Debug|Any CPU.ActiveCfg = Debug|x64
		{F77A30F9-3EB8-4748-9B06-4B2F8D694847}.Debug|Any CPU.Build.0 = Debug|x64
		{F77A30F9-3EB8-4748-9B06-4B2F8D694847}.Debug|Mixed Platforms.ActiveCfg = Debug|x64
		{F77A30F9-3EB8-4748-9B06-4B2F8D694847}.Debug|Mixed Platforms.Build.0 = Debug|x64
		{F77A30F9-3EB8-4748-9B06-4B2F8D694847}.Debug|Win32.ActiveCfg = Debug|x64
		{F77A30F9-3EB8-4748-9B06-4B2F8D694847}.Debug|x64.ActiveCfg = Debug|x64
		{F77A30F9-3EB8-4748-9B06-4B2F8D694847}.Debug|x64.Build.0 = Debug|x64
		{F77A30F9-3EB8-4748-9B06-4B2F8D694847}.Debug|x86.ActiveCfg = Debug|x64
		{F77A30F9-3EB8-4748-9B06-4B2F8D694847}.Opt_Debug|Any CPU.ActiveCfg = Opt_Debug|x64
		{F77A30F9-3EB8-4748-9B06-4B2F8D694847}.Opt_Debug|Any CPU.Build.0 = Opt_Debug|x64
		{F77A30F9-3EB8-4748-9B06-4B2F8D694847}.Opt_Debug|Mixed Platforms.ActiveCfg = Opt_Debug|x64
		{F77A30F9-3EB8-4748-9B06-4B2F8D694847}.Opt_Debug|Mixed Platforms.Build.0 = Opt_Debug|x64
		{F77A30F9-3EB8-4748-9B06-4B2F8D694847}.Opt_Debug|Win32.ActiveCfg = Opt_Debug|x64
		{F77A30F9-3EB8-4748-9B06-4B2F8D694847}.Opt_Debug|x64.ActiveCfg = Opt_Debug|x64
		{F77A30F9-3EB8-4748-9B06-4B2F8D694847}.Opt_Debug|x64.Build.0 = Opt_Debug|x64
		{F77A30F9-3EB8-4748-9B06-4B2F8D694847}.Opt_Debug|x86.ActiveCfg = Opt_Debug|x64
		{F77A30F9-3EB8-4748-9B06-4B2F8D694847}.Release|Any CPU.ActiveCfg = Release|x64
		{F77A30F9-3EB8-4748-9B06-4B2F8D694847}.Release|Any CPU.Build.0 = Release|x64
		{F77A30F9-3EB8-4748-9B06-4B2F8D694847}.Release|Mixed Platforms.ActiveCfg = Release|x64
		{F77A30F9-3EB8-4748-9B06-4B2F8D694847}.Release|Mixed Platforms.Build.0 = Release|x64
		{F77A30F9-3EB8-4748-9B06-4B2F8D694847}.Release|Win32.ActiveCfg = Release|x64
		{F77A30F9-3EB8-4748-9B06-4B2F8D694847}.Release|x64.ActiveCfg = Release|x64
		{F77A30F9-3EB8-4748-9B06-4B2F8D694847}.Release|x64.Build.0 = Release|x64
		{F77A30F9-3EB8-4748-9B06-4B2F8D694847}.Release|x86.ActiveCfg = Release|x64
		{D8FEE320-54D4-4779-A9C0-F97521ACE759}.Debug|Any CPU.ActiveCfg = Debug|x64
		{D8FEE320-54D4-4779-A9C0-F97521ACE759}.Debug|Any CPU.Build.0 = Debug|x64
		{D8FEE320-54D4-4779-A9C0-F97521ACE759}.Debug|Mixed Platforms.ActiveCfg = Debug|x64
		{D8FEE320-54D4-4779-A9C0-F97521ACE759}.Debug|Mixed Platforms.Build.0 = Debug|x64
		{D8FEE320-54D4-4779-A9C0-F97521ACE759}.Debug|Win32.ActiveCfg = Debug|x64
		{D8FEE320-54D4-4779-A9C0-F97521ACE759}.Debug|x64.ActiveCfg = Debug|x64
		{D8FEE320-54D4-4779-A9C0-F97521ACE759}.Debug|x64.Build.0 = Debug|x64
		{D8FEE320-54D4-4779-A9C0-F97521ACE759}.Debug|x86.ActiveCfg = Debug|x64
		{D8FEE320-54D4-4779-A9C0-F97521ACE759}.Opt_Debug|Any CPU.ActiveCfg = Debug|x64
		{D8FEE320-54D4-4779-A9C0-F97521ACE759}.Opt_Debug|Any CPU.Build.0 = Debug|x64
		{D8FEE320-54D4-4779-A9C0-F97521ACE759}.Opt_Debug|Mixed Platforms.ActiveCfg = Debug|x64
		{D8FEE320-54D4-4779-A9C0-F97521ACE759}.Opt_Debug|Mixed Platforms.Build.0 = Debug|x64
		{D8FEE320-54D4-4779-A9C0-F97521ACE759}.Opt_Debug|Win32.ActiveCfg = Debug|x64
		{D8FEE320-54D4-4779-A9C0-F97521ACE759}.Opt_Debug|x64.ActiveCfg = Debug|x64
		{D8FEE320-54D4-4779-A9C0-F97521ACE759}.Opt_Debug|x64.Build.0 = Debug|x64
		{D8FEE320-54D4-4779-A9C0-F97521ACE759}.Opt_Debug|x86.ActiveCfg = Debug|x64
		{D8FEE320-54D4-4779-A9C0-F97521ACE759}.Release|Any CPU.ActiveCfg = Release|x64
		{D8FEE320-54D4-4779-A9C0-F97521ACE759}.Release|Any CPU.Build.0 = Release|x64
		{D8FEE320-54D4-4779-A9C0-F97521ACE759}.Release|Mixed Platforms.ActiveCfg = Release|x64
		{D8FEE320-54D4-4779-A9C0-F97521ACE759}.Release|Mixed Platforms.Build.0 = Release|x64
		{D8FEE320-54D4-4779-A9C0-F97521ACE759}.Release|Win32.ActiveCfg = Release|x64
		{D8FEE320-54D4-4779-A9C0-F97521ACE759}.Release|x64.ActiveCfg = Release|x64
		{D8FEE320-54D4-4779-A9C0-F97521ACE759}.Release|x64.Build.0 = Release|x64
		{D8FEE320-54D4-4779-A9C0-F97521ACE759}.Release|x86.ActiveCfg = Release|x64
		{AB200E16-0404-4AF4-8A84-B02960F7B4EE}.Debug|Any CPU.ActiveCfg = Debug|Any CPU
		{AB200E16-0404-4AF4-8A84-B02960F7B4EE}.Debug|Any CPU.Build.0 = Debug|Any CPU
		{AB200E16-0404-4AF4-8A84-B02960F7B4EE}.Debug|Mixed Platforms.ActiveCfg = Debug|Any CPU
		{AB200E16-0404-4AF4-8A84-B02960F7B4EE}.Debug|Mixed Platforms.Build.0 = Debug|Any CPU
		{AB200E16-0404-4AF4-8A84-B02960F7B4EE}.Debug|Win32.ActiveCfg = Debug|Any CPU
		{AB200E16-0404-4AF4-8A84-B02960F7B4EE}.Debug|x64.ActiveCfg = Debug|Any CPU
		{AB200E16-0404-4AF4-8A84-B02960F7B4EE}.Debug|x86.ActiveCfg = Debug|Any CPU
		{AB200E16-0404-4AF4-8A84-B02960F7B4EE}.Opt_Debug|Any CPU.ActiveCfg = Debug|Any CPU
		{AB200E16-0404-4AF4-8A84-B02960F7B4EE}.Opt_Debug|Any CPU.Build.0 = Debug|Any CPU
		{AB200E16-0404-4AF4-8A84-B02960F7B4EE}.Opt_Debug|Mixed Platforms.ActiveCfg = Debug|Any CPU
		{AB200E16-0404-4AF4-8A84-B02960F7B4EE}.Opt_Debug|Mixed Platforms.Build.0 = Debug|Any CPU
		{AB200E16-0404-4AF4-8A84-B02960F7B4EE}.Opt_Debug|Win32.ActiveCfg = Debug|Any CPU
		{AB200E16-0404-4AF4-8A84-B02960F7B4EE}.Opt_Debug|x64.ActiveCfg = Debug|Any CPU
		{AB200E16-0404-4AF4-8A84-B02960F7B4EE}.Opt_Debug|x86.ActiveCfg = Debug|Any CPU
		{AB200E16-0404-4AF4-8A84-B02960F7B4EE}.Release|Any CPU.ActiveCfg = Release|Any CPU
		{AB200E16-0404-4AF4-8A84-B02960F7B4EE}.Release|Any CPU.Build.0 = Release|Any CPU
		{AB200E16-0404-4AF4-8A84-B02960F7B4EE}.Release|Mixed Platforms.ActiveCfg = Release|Any CPU
		{AB200E16-0404-4AF4-8A84-B02960F7B4EE}.Release|Mixed Platforms.Build.0 = Release|Any CPU
		{AB200E16-0404-4AF4-8A84-B02960F7B4EE}.Release|Win32.ActiveCfg = Release|Any CPU
		{AB200E16-0404-4AF4-8A84-B02960F7B4EE}.Release|x64.ActiveCfg = Release|Any CPU
		{AB200E16-0404-4AF4-8A84-B02960F7B4EE}.Release|x86.ActiveCfg = Release|Any CPU
		{60205EC5-F119-473D-BCB2-F9F3958B5EB0}.Debug|Any CPU.ActiveCfg = Debug|x86
		{60205EC5-F119-473D-BCB2-F9F3958B5EB0}.Debug|Any CPU.Build.0 = Debug|x86
		{60205EC5-F119-473D-BCB2-F9F3958B5EB0}.Debug|Mixed Platforms.ActiveCfg = Debug|x86
		{60205EC5-F119-473D-BCB2-F9F3958B5EB0}.Debug|Mixed Platforms.Build.0 = Debug|x86
		{60205EC5-F119-473D-BCB2-F9F3958B5EB0}.Debug|Win32.ActiveCfg = Debug|x86
		{60205EC5-F119-473D-BCB2-F9F3958B5EB0}.Debug|x64.ActiveCfg = Debug|x86
		{60205EC5-F119-473D-BCB2-F9F3958B5EB0}.Debug|x86.ActiveCfg = Debug|x86
		{60205EC5-F119-473D-BCB2-F9F3958B5EB0}.Debug|x86.Build.0 = Debug|x86
		{60205EC5-F119-473D-BCB2-F9F3958B5EB0}.Opt_Debug|Any CPU.ActiveCfg = Debug|x86
		{60205EC5-F119-473D-BCB2-F9F3958B5EB0}.Opt_Debug|Any CPU.Build.0 = Debug|x86
		{60205EC5-F119-473D-BCB2-F9F3958B5EB0}.Opt_Debug|Mixed Platforms.ActiveCfg = Debug|x86
		{60205EC5-F119-473D-BCB2-F9F3958B5EB0}.Opt_Debug|Mixed Platforms.Build.0 = Debug|x86
		{60205EC5-F119-473D-BCB2-F9F3958B5EB0}.Opt_Debug|Win32.ActiveCfg = Debug|x86
		{60205EC5-F119-473D-BCB2-F9F3958B5EB0}.Opt_Debug|Win32.Build.0 = Debug|x86
		{60205EC5-F119-473D-BCB2-F9F3958B5EB0}.Opt_Debug|x64.ActiveCfg = Debug|x86
		{60205EC5-F119-473D-BCB2-F9F3958B5EB0}.Opt_Debug|x86.ActiveCfg = Debug|x86
		{60205EC5-F119-473D-BCB2-F9F3958B5EB0}.Opt_Debug|x86.Build.0 = Debug|x86
		{60205EC5-F119-473D-BCB2-F9F3958B5EB0}.Release|Any CPU.ActiveCfg = Release|x86
		{60205EC5-F119-473D-BCB2-F9F3958B5EB0}.Release|Any CPU.Build.0 = Release|x86
		{60205EC5-F119-473D-BCB2-F9F3958B5EB0}.Release|Mixed Platforms.ActiveCfg = Release|x86
		{60205EC5-F119-473D-BCB2-F9F3958B5EB0}.Release|Mixed Platforms.Build.0 = Release|x86
		{60205EC5-F119-473D-BCB2-F9F3958B5EB0}.Release|Win32.ActiveCfg = Release|x86
		{60205EC5-F119-473D-BCB2-F9F3958B5EB0}.Release|x64.ActiveCfg = Release|x86
		{60205EC5-F119-473D-BCB2-F9F3958B5EB0}.Release|x86.ActiveCfg = Release|x86
		{60205EC5-F119-473D-BCB2-F9F3958B5EB0}.Release|x86.Build.0 = Release|x86
		{953104A5-7106-4468-9888-72D37CAE07CD}.Debug|Any CPU.ActiveCfg = Debug|x64
		{953104A5-7106-4468-9888-72D37CAE07CD}.Debug|Any CPU.Build.0 = Debug|x64
		{953104A5-7106-4468-9888-72D37CAE07CD}.Debug|Mixed Platforms.ActiveCfg = Debug|x64
		{953104A5-7106-4468-9888-72D37CAE07CD}.Debug|Mixed Platforms.Build.0 = Debug|x64
		{953104A5-7106-4468-9888-72D37CAE07CD}.Debug|Win32.ActiveCfg = Debug|x64
		{953104A5-7106-4468-9888-72D37CAE07CD}.Debug|x64.ActiveCfg = Debug|x64
		{953104A5-7106-4468-9888-72D37CAE07CD}.Debug|x64.Build.0 = Debug|x64
		{953104A5-7106-4468-9888-72D37CAE07CD}.Debug|x86.ActiveCfg = Debug|x64
		{953104A5-7106-4468-9888-72D37CAE07CD}.Opt_Debug|Any CPU.ActiveCfg = Debug|x64
		{953104A5-7106-4468-9888-72D37CAE07CD}.Opt_Debug|Any CPU.Build.0 = Debug|x64
		{953104A5-7106-4468-9888-72D37CAE07CD}.Opt_Debug|Mixed Platforms.ActiveCfg = Debug|x64
		{953104A5-7106-4468-9888-72D37CAE07CD}.Opt_Debug|Mixed Platforms.Build.0 = Debug|x64
		{953104A5-7106-4468-9888-72D37CAE07CD}.Opt_Debug|Win32.ActiveCfg = Debug|x64
		{953104A5-7106-4468-9888-72D37CAE07CD}.Opt_Debug|x64.ActiveCfg = Debug|x64
		{953104A5-7106-4468-9888-72D37CAE07CD}.Opt_Debug|x64.Build.0 = Debug|x64
		{953104A5-7106-4468-9888-72D37CAE07CD}.Opt_Debug|x86.ActiveCfg = Debug|x64
		{953104A5-7106-4468-9888-72D37CAE07CD}.Release|Any CPU.ActiveCfg = Release|x64
		{953104A5-7106-4468-9888-72D37CAE07CD}.Release|Any CPU.Build.0 = Release|x64
		{953104A5-7106-4468-9888-72D37CAE07CD}.Release|Mixed Platforms.ActiveCfg = Release|x64
		{953104A5-7106-4468-9888-72D37CAE07CD}.Release|Mixed Platforms.Build.0 = Release|x64
		{953104A5-7106-4468-9888-72D37CAE07CD}.Release|Win32.ActiveCfg = Release|x64
		{953104A5-7106-4468-9888-72D37CAE07CD}.Release|x64.ActiveCfg = Release|x64
		{953104A5-7106-4468-9888-72D37CAE07CD}.Release|x64.Build.0 = Release|x64
		{953104A5-7106-4468-9888-72D37CAE07CD}.Release|x86.ActiveCfg = Release|x64
	EndGlobalSection
	GlobalSection(SolutionProperties) = preSolution
		HideSolutionNode = FALSE
	EndGlobalSection
EndGlobal
